
Microsoft Visual Studio Solution File, Format Version 12.00
# Visual Studio Version 17
VisualStudioVersion = 17.12.35527.113 d17.12
MinimumVisualStudioVersion = 10.0.40219.1
Project("{FAE04EC0-301F-11D3-BF4B-00C04F79EFBC}") = "DuAnBlog.Api", "src\DuAnBlog.Api\DuAnBlog.Api.csproj", "{F8455575-0E82-45BA-8B7C-08EF0A5F1935}"
EndProject
Project("{FAE04EC0-301F-11D3-BF4B-00C04F79EFBC}") = "DuAnBlog.Core", "src\DuAnBlog.Core\DuAnBlog.Core.csproj", "{1B82F1C3-B256-4C26-993E-C694A6D90B3E}"
EndProject
Project("{FAE04EC0-301F-11D3-BF4B-00C04F79EFBC}") = "DuAnBlog.Data", "src\DuAnBlog.Data\DuAnBlog.Data.csproj", "{12DFBD2A-AE70-4496-A15C-32962702E3C7}"
EndProject
Project("{FAE04EC0-301F-11D3-BF4B-00C04F79EFBC}") = "DuAnBlog.WebApp", "src\DuAnBlog.WebApp\DuAnBlog.WebApp.csproj", "{5B3BDAE8-7493-4549-9F4B-3F096842EC90}"
EndProject
Global
	GlobalSection(SolutionConfigurationPlatforms) = preSolution
		Debug|Any CPU = Debug|Any CPU
		Release|Any CPU = Release|Any CPU
	EndGlobalSection
	GlobalSection(ProjectConfigurationPlatforms) = postSolution
		{F8455575-0E82-45BA-8B7C-08EF0A5F1935}.Debug|Any CPU.ActiveCfg = Debug|Any CPU
		{F8455575-0E82-45BA-8B7C-08EF0A5F1935}.Debug|Any CPU.Build.0 = Debug|Any CPU
		{F8455575-0E82-45BA-8B7C-08EF0A5F1935}.Release|Any CPU.ActiveCfg = Release|Any CPU
		{F8455575-0E82-45BA-8B7C-08EF0A5F1935}.Release|Any CPU.Build.0 = Release|Any CPU
		{1B82F1C3-B256-4C26-993E-C694A6D90B3E}.Debug|Any CPU.ActiveCfg = Debug|Any CPU
		{1B82F1C3-B256-4C26-993E-C694A6D90B3E}.Debug|Any CPU.Build.0 = Debug|Any CPU
		{1B82F1C3-B256-4C26-993E-C694A6D90B3E}.Release|Any CPU.ActiveCfg = Release|Any CPU
		{1B82F1C3-B256-4C26-993E-C694A6D90B3E}.Release|Any CPU.Build.0 = Release|Any CPU
		{12DFBD2A-AE70-4496-A15C-32962702E3C7}.Debug|Any CPU.ActiveCfg = Debug|Any CPU
		{12DFBD2A-AE70-4496-A15C-32962702E3C7}.Debug|Any CPU.Build.0 = Debug|Any CPU
		{12DFBD2A-AE70-4496-A15C-32962702E3C7}.Release|Any CPU.ActiveCfg = Release|Any CPU
		{12DFBD2A-AE70-4496-A15C-32962702E3C7}.Release|Any CPU.Build.0 = Release|Any CPU
		{5B3BDAE8-7493-4549-9F4B-3F096842EC90}.Debug|Any CPU.ActiveCfg = Debug|Any CPU
		{5B3BDAE8-7493-4549-9F4B-3F096842EC90}.Debug|Any CPU.Build.0 = Debug|Any CPU
		{5B3BDAE8-7493-4549-9F4B-3F096842EC90}.Release|Any CPU.ActiveCfg = Release|Any CPU
		{5B3BDAE8-7493-4549-9F4B-3F096842EC90}.Release|Any CPU.Build.0 = Release|Any CPU
	EndGlobalSection
	GlobalSection(SolutionProperties) = preSolution
		HideSolutionNode = FALSE
	EndGlobalSection
EndGlobal
